
Microsoft Visual Studio Solution File, Format Version 12.00
# Visual Studio Version 16
VisualStudioVersion = 25.0.1706.6
MinimumVisualStudioVersion = 10.0.40219.1
Project("{FAE04EC0-301F-11D3-BF4B-00C04F79EFBC}") = "SystemergonInventario", "SystemergonInventario\SystemergonInventario.csproj", "{6F90F5AC-FFA8-4EF9-A8AD-8DAE5063C45A}"
EndProject
Global
	GlobalSection(SolutionConfigurationPlatforms) = preSolution
		Debug|Any CPU = Debug|Any CPU
		Release|Any CPU = Release|Any CPU
	EndGlobalSection
	GlobalSection(ProjectConfigurationPlatforms) = postSolution
		{6F90F5AC-FFA8-4EF9-A8AD-8DAE5063C45A}.Debug|Any CPU.ActiveCfg = Debug|Any CPU
		{6F90F5AC-FFA8-4EF9-A8AD-8DAE5063C45A}.Debug|Any CPU.Build.0 = Debug|Any CPU
		{6F90F5AC-FFA8-4EF9-A8AD-8DAE5063C45A}.Release|Any CPU.ActiveCfg = Release|Any CPU
		{6F90F5AC-FFA8-4EF9-A8AD-8DAE5063C45A}.Release|Any CPU.Build.0 = Release|Any CPU
	EndGlobalSection
	GlobalSection(SolutionProperties) = preSolution
		HideSolutionNode = FALSE
	EndGlobalSection
	GlobalSection(ExtensibilityGlobals) = postSolution
		SolutionGuid = {B982C15A-5F01-4F2A-94DE-AD8AFBDF7B0A}
	EndGlobalSection
EndGlobal
